
Microsoft Visual Studio Solution File, Format Version 12.00
# Visual Studio Version 17
VisualStudioVersion = 17.14.37111.16 d17.14
MinimumVisualStudioVersion = 10.0.40219.1
Project("{FAE04EC0-301F-11D3-BF4B-00C04F79EFBC}") = "MasterBeasProject", "MasterBeasProject\MasterBeasProject.csproj", "{867333A5-6126-4953-AD46-DCB8FD3E3FE7}"
EndProject
Global
	GlobalSection(SolutionConfigurationPlatforms) = preSolution
		Debug|Any CPU = Debug|Any CPU
		Release|Any CPU = Release|Any CPU
	EndGlobalSection
	GlobalSection(ProjectConfigurationPlatforms) = postSolution
		{867333A5-6126-4953-AD46-DCB8FD3E3FE7}.Debug|Any CPU.ActiveCfg = Debug|Any CPU
		{867333A5-6126-4953-AD46-DCB8FD3E3FE7}.Debug|Any CPU.Build.0 = Debug|Any CPU
		{867333A5-6126-4953-AD46-DCB8FD3E3FE7}.Release|Any CPU.ActiveCfg = Release|Any CPU
		{867333A5-6126-4953-AD46-DCB8FD3E3FE7}.Release|Any CPU.Build.0 = Release|Any CPU
	EndGlobalSection
	GlobalSection(SolutionProperties) = preSolution
		HideSolutionNode = FALSE
	EndGlobalSection
	GlobalSection(ExtensibilityGlobals) = postSolution
		SolutionGuid = {BB8AAA75-DDB7-4ECF-BEA2-B7FEFC267640}
	EndGlobalSection
EndGlobal
